
Microsoft Visual Studio Solution File, Format Version 12.00
# Visual Studio Version 17
VisualStudioVersion = 17.8.34330.188
MinimumVisualStudioVersion = 10.0.40219.1
Project("{FAE04EC0-301F-11D3-BF4B-00C04F79EFBC}") = "DigitecToolWeb.Server", "DigitecToolWeb.Server\DigitecToolWeb.Server.csproj", "{59BF52AB-77A8-46F9-83E7-D854E9242B30}"
EndProject
Project("{54A90642-561A-4BB1-A94E-469ADEE60C69}") = "digitectoolweb.client", "digitectoolweb.client\digitectoolweb.client.esproj", "{C4DEB091-80B8-4C33-B35C-0C9CDD870DF4}"
EndProject
Global
	GlobalSection(SolutionConfigurationPlatforms) = preSolution
		Debug|Any CPU = Debug|Any CPU
		Release|Any CPU = Release|Any CPU
	EndGlobalSection
	GlobalSection(ProjectConfigurationPlatforms) = postSolution
		{59BF52AB-77A8-46F9-83E7-D854E9242B30}.Debug|Any CPU.ActiveCfg = Debug|Any CPU
		{59BF52AB-77A8-46F9-83E7-D854E9242B30}.Debug|Any CPU.Build.0 = Debug|Any CPU
		{59BF52AB-77A8-46F9-83E7-D854E9242B30}.Release|Any CPU.ActiveCfg = Release|Any CPU
		{59BF52AB-77A8-46F9-83E7-D854E9242B30}.Release|Any CPU.Build.0 = Release|Any CPU
		{C4DEB091-80B8-4C33-B35C-0C9CDD870DF4}.Debug|Any CPU.ActiveCfg = Debug|Any CPU
		{C4DEB091-80B8-4C33-B35C-0C9CDD870DF4}.Debug|Any CPU.Build.0 = Debug|Any CPU
		{C4DEB091-80B8-4C33-B35C-0C9CDD870DF4}.Debug|Any CPU.Deploy.0 = Debug|Any CPU
		{C4DEB091-80B8-4C33-B35C-0C9CDD870DF4}.Release|Any CPU.ActiveCfg = Release|Any CPU
		{C4DEB091-80B8-4C33-B35C-0C9CDD870DF4}.Release|Any CPU.Build.0 = Release|Any CPU
		{C4DEB091-80B8-4C33-B35C-0C9CDD870DF4}.Release|Any CPU.Deploy.0 = Release|Any CPU
	EndGlobalSection
	GlobalSection(SolutionProperties) = preSolution
		HideSolutionNode = FALSE
	EndGlobalSection
	GlobalSection(ExtensibilityGlobals) = postSolution
		SolutionGuid = {06D386CA-1B40-4697-B984-AD96CBB2EA67}
	EndGlobalSection
EndGlobal
